
Microsoft Visual Studio Solution File, Format Version 12.00
# Visual Studio Version 16
VisualStudioVersion = 16.0.31005.135
MinimumVisualStudioVersion = 10.0.40219.1
Project("{FAE04EC0-301F-11D3-BF4B-00C04F79EFBC}") = "ytmp", "ytmp\ytmp.csproj", "{845E914E-92A0-4AA8-A800-7F321A781099}"
EndProject
Global
	GlobalSection(SolutionConfigurationPlatforms) = preSolution
		Debug|Any CPU = Debug|Any CPU
		Release|Any CPU = Release|Any CPU
	EndGlobalSection
	GlobalSection(ProjectConfigurationPlatforms) = postSolution
		{845E914E-92A0-4AA8-A800-7F321A781099}.Debug|Any CPU.ActiveCfg = Debug|Any CPU
		{845E914E-92A0-4AA8-A800-7F321A781099}.Debug|Any CPU.Build.0 = Debug|Any CPU
		{845E914E-92A0-4AA8-A800-7F321A781099}.Release|Any CPU.ActiveCfg = Release|Any CPU
		{845E914E-92A0-4AA8-A800-7F321A781099}.Release|Any CPU.Build.0 = Release|Any CPU
	EndGlobalSection
	GlobalSection(SolutionProperties) = preSolution
		HideSolutionNode = FALSE
	EndGlobalSection
	GlobalSection(ExtensibilityGlobals) = postSolution
		SolutionGuid = {666B958B-881A-4A59-AAF4-24F58D7F8235}
	EndGlobalSection
EndGlobal
